
Microsoft Visual Studio Solution File, Format Version 12.00
# Visual Studio 2012
Project("{FAE04EC0-301F-11D3-BF4B-00C04F79EFBC}") = "ShowCars", "WindowsFormsApplication12\ShowCars.csproj", "{F6D45A26-EF06-456E-92AE-163AEC924E40}"
EndProject
Global
	GlobalSection(SolutionConfigurationPlatforms) = preSolution
		Debug|Any CPU = Debug|Any CPU
		Release|Any CPU = Release|Any CPU
	EndGlobalSection
	GlobalSection(ProjectConfigurationPlatforms) = postSolution
		{F6D45A26-EF06-456E-92AE-163AEC924E40}.Debug|Any CPU.ActiveCfg = Debug|Any CPU
		{F6D45A26-EF06-456E-92AE-163AEC924E40}.Debug|Any CPU.Build.0 = Debug|Any CPU
		{F6D45A26-EF06-456E-92AE-163AEC924E40}.Release|Any CPU.ActiveCfg = Release|Any CPU
		{F6D45A26-EF06-456E-92AE-163AEC924E40}.Release|Any CPU.Build.0 = Release|Any CPU
	EndGlobalSection
	GlobalSection(SolutionProperties) = preSolution
		HideSolutionNode = FALSE
	EndGlobalSection
EndGlobal
